
Microsoft Visual Studio Solution File, Format Version 12.00
Project("{FAE04EC0-301F-11D3-BF4B-00C04F79EFBC}") = "TestGeneratorLibrary", "TestGeneratorLibrary\TestGeneratorLibrary.csproj", "{5E9E312A-6ABC-422B-AED6-B03F8F5DAD8C}"
EndProject
Project("{FAE04EC0-301F-11D3-BF4B-00C04F79EFBC}") = "TestGeneratorLibraryTests", "TestGeneratorLibraryTests\TestGeneratorLibraryTests.csproj", "{FCED76E5-07D8-403A-AEA7-5D46F3EF0916}"
EndProject
Project("{FAE04EC0-301F-11D3-BF4B-00C04F79EFBC}") = "ConsoleApplication", "ConsoleApplication\ConsoleApplication.csproj", "{9926F9F6-86DA-4C4D-8BC3-C11FE9B6C2D8}"
EndProject
Global
	GlobalSection(SolutionConfigurationPlatforms) = preSolution
		Debug|Any CPU = Debug|Any CPU
		Release|Any CPU = Release|Any CPU
	EndGlobalSection
	GlobalSection(ProjectConfigurationPlatforms) = postSolution
		{5E9E312A-6ABC-422B-AED6-B03F8F5DAD8C}.Debug|Any CPU.ActiveCfg = Debug|Any CPU
		{5E9E312A-6ABC-422B-AED6-B03F8F5DAD8C}.Debug|Any CPU.Build.0 = Debug|Any CPU
		{5E9E312A-6ABC-422B-AED6-B03F8F5DAD8C}.Release|Any CPU.ActiveCfg = Release|Any CPU
		{5E9E312A-6ABC-422B-AED6-B03F8F5DAD8C}.Release|Any CPU.Build.0 = Release|Any CPU
		{FCED76E5-07D8-403A-AEA7-5D46F3EF0916}.Debug|Any CPU.ActiveCfg = Debug|Any CPU
		{FCED76E5-07D8-403A-AEA7-5D46F3EF0916}.Debug|Any CPU.Build.0 = Debug|Any CPU
		{FCED76E5-07D8-403A-AEA7-5D46F3EF0916}.Release|Any CPU.ActiveCfg = Release|Any CPU
		{FCED76E5-07D8-403A-AEA7-5D46F3EF0916}.Release|Any CPU.Build.0 = Release|Any CPU
		{9926F9F6-86DA-4C4D-8BC3-C11FE9B6C2D8}.Debug|Any CPU.ActiveCfg = Debug|Any CPU
		{9926F9F6-86DA-4C4D-8BC3-C11FE9B6C2D8}.Debug|Any CPU.Build.0 = Debug|Any CPU
		{9926F9F6-86DA-4C4D-8BC3-C11FE9B6C2D8}.Release|Any CPU.ActiveCfg = Release|Any CPU
		{9926F9F6-86DA-4C4D-8BC3-C11FE9B6C2D8}.Release|Any CPU.Build.0 = Release|Any CPU
	EndGlobalSection
EndGlobal
